
Microsoft Visual Studio Solution File, Format Version 12.00
# Visual Studio Version 17
VisualStudioVersion = 17.0.32112.339
MinimumVisualStudioVersion = 10.0.40219.1
Project("{FAE04EC0-301F-11D3-BF4B-00C04F79EFBC}") = "Centric.eCommerce.Customer.API", "Centric.eCommerce.Customer.API.csproj", "{87595F4D-BC4D-4323-AFB5-99FD4A0C4265}"
EndProject
Project("{FAE04EC0-301F-11D3-BF4B-00C04F79EFBC}") = "Centric.eCommerce.Order.API", "..\Centric.eCommerce.Orders.Api\Centric.eCommerce.Order.API.csproj", "{74CA442F-9776-44CD-833F-9C84C0734A7A}"
EndProject
Project("{FAE04EC0-301F-11D3-BF4B-00C04F79EFBC}") = "Centric.eCommerce.Product.API", "..\Centric.eCommerce.Product.Api\Centric.eCommerce.Product.API.csproj", "{20626A89-AB80-44D1-8FF9-BE8B5688FD41}"
EndProject
Project("{FAE04EC0-301F-11D3-BF4B-00C04F79EFBC}") = "Centric.eCommerce.Search.API", "..\Centric.eCommerce.Search.API\Centric.eCommerce.Search.API.csproj", "{541414B6-CD5C-4BCA-9EA4-F2C8EC842DEC}"
EndProject
Global
	GlobalSection(SolutionConfigurationPlatforms) = preSolution
		Debug|Any CPU = Debug|Any CPU
		Release|Any CPU = Release|Any CPU
	EndGlobalSection
	GlobalSection(ProjectConfigurationPlatforms) = postSolution
		{87595F4D-BC4D-4323-AFB5-99FD4A0C4265}.Debug|Any CPU.ActiveCfg = Debug|Any CPU
		{87595F4D-BC4D-4323-AFB5-99FD4A0C4265}.Debug|Any CPU.Build.0 = Debug|Any CPU
		{87595F4D-BC4D-4323-AFB5-99FD4A0C4265}.Release|Any CPU.ActiveCfg = Release|Any CPU
		{87595F4D-BC4D-4323-AFB5-99FD4A0C4265}.Release|Any CPU.Build.0 = Release|Any CPU
		{74CA442F-9776-44CD-833F-9C84C0734A7A}.Debug|Any CPU.ActiveCfg = Debug|Any CPU
		{74CA442F-9776-44CD-833F-9C84C0734A7A}.Debug|Any CPU.Build.0 = Debug|Any CPU
		{74CA442F-9776-44CD-833F-9C84C0734A7A}.Release|Any CPU.ActiveCfg = Release|Any CPU
		{74CA442F-9776-44CD-833F-9C84C0734A7A}.Release|Any CPU.Build.0 = Release|Any CPU
		{20626A89-AB80-44D1-8FF9-BE8B5688FD41}.Debug|Any CPU.ActiveCfg = Debug|Any CPU
		{20626A89-AB80-44D1-8FF9-BE8B5688FD41}.Debug|Any CPU.Build.0 = Debug|Any CPU
		{20626A89-AB80-44D1-8FF9-BE8B5688FD41}.Release|Any CPU.ActiveCfg = Release|Any CPU
		{20626A89-AB80-44D1-8FF9-BE8B5688FD41}.Release|Any CPU.Build.0 = Release|Any CPU
		{541414B6-CD5C-4BCA-9EA4-F2C8EC842DEC}.Debug|Any CPU.ActiveCfg = Debug|Any CPU
		{541414B6-CD5C-4BCA-9EA4-F2C8EC842DEC}.Debug|Any CPU.Build.0 = Debug|Any CPU
		{541414B6-CD5C-4BCA-9EA4-F2C8EC842DEC}.Release|Any CPU.ActiveCfg = Release|Any CPU
		{541414B6-CD5C-4BCA-9EA4-F2C8EC842DEC}.Release|Any CPU.Build.0 = Release|Any CPU
	EndGlobalSection
	GlobalSection(SolutionProperties) = preSolution
		HideSolutionNode = FALSE
	EndGlobalSection
	GlobalSection(ExtensibilityGlobals) = postSolution
		SolutionGuid = {102CDD51-14AD-49AE-B24C-0C215CD36719}
	EndGlobalSection
EndGlobal
